
Microsoft Visual Studio Solution File, Format Version 12.00
# Visual Studio Version 17
VisualStudioVersion = 17.13.35931.197
MinimumVisualStudioVersion = 10.0.40219.1
Project("{FAE04EC0-301F-11D3-BF4B-00C04F79EFBC}") = "WSOYappinator", "WSOYappinator.csproj", "{CBBE349B-D5F1-4C0D-A683-C04C794F122F}"
EndProject
Global
	GlobalSection(SolutionConfigurationPlatforms) = preSolution
		Debug|Any CPU = Debug|Any CPU
		Release|Any CPU = Release|Any CPU
	EndGlobalSection
	GlobalSection(ProjectConfigurationPlatforms) = postSolution
		{CBBE349B-D5F1-4C0D-A683-C04C794F122F}.Debug|Any CPU.ActiveCfg = Debug|Any CPU
		{CBBE349B-D5F1-4C0D-A683-C04C794F122F}.Debug|Any CPU.Build.0 = Debug|Any CPU
		{CBBE349B-D5F1-4C0D-A683-C04C794F122F}.Release|Any CPU.ActiveCfg = Release|Any CPU
		{CBBE349B-D5F1-4C0D-A683-C04C794F122F}.Release|Any CPU.Build.0 = Release|Any CPU
	EndGlobalSection
	GlobalSection(SolutionProperties) = preSolution
		HideSolutionNode = FALSE
	EndGlobalSection
	GlobalSection(ExtensibilityGlobals) = postSolution
		SolutionGuid = {BD3428F4-A88B-4105-ABA3-CD9D62809E32}
	EndGlobalSection
EndGlobal
